
Microsoft Visual Studio Solution File, Format Version 12.00
# Visual Studio Version 17
VisualStudioVersion = 17.6.33712.159
MinimumVisualStudioVersion = 10.0.40219.1
Project("{FAE04EC0-301F-11D3-BF4B-00C04F79EFBC}") = "SwapAudioTrack", "SwapAudioTrack\SwapAudioTrack.csproj", "{AEA650CA-22BE-4FE9-9036-0E8BFE918BBE}"
EndProject
Global
	GlobalSection(SolutionConfigurationPlatforms) = preSolution
		Debug|Any CPU = Debug|Any CPU
		Release|Any CPU = Release|Any CPU
	EndGlobalSection
	GlobalSection(ProjectConfigurationPlatforms) = postSolution
		{AEA650CA-22BE-4FE9-9036-0E8BFE918BBE}.Debug|Any CPU.ActiveCfg = Debug|Any CPU
		{AEA650CA-22BE-4FE9-9036-0E8BFE918BBE}.Debug|Any CPU.Build.0 = Debug|Any CPU
		{AEA650CA-22BE-4FE9-9036-0E8BFE918BBE}.Release|Any CPU.ActiveCfg = Release|Any CPU
		{AEA650CA-22BE-4FE9-9036-0E8BFE918BBE}.Release|Any CPU.Build.0 = Release|Any CPU
	EndGlobalSection
	GlobalSection(SolutionProperties) = preSolution
		HideSolutionNode = FALSE
	EndGlobalSection
	GlobalSection(ExtensibilityGlobals) = postSolution
		SolutionGuid = {1DF60C83-FC3B-4BBD-A349-4645D3CCA480}
	EndGlobalSection
EndGlobal
